
Microsoft Visual Studio Solution File, Format Version 12.00
# Visual Studio Version 16
VisualStudioVersion = 16.0.29009.5
MinimumVisualStudioVersion = 10.0.40219.1
Project("{2150E333-8FDC-42A3-9474-1A3956D46DE8}") = "Api", "Api", "{22E2DA2C-B1CB-4EA0-A19B-8480DE91D6E0}"
EndProject
Project("{2150E333-8FDC-42A3-9474-1A3956D46DE8}") = "Reader", "Reader", "{47DA2A79-E87F-47B2-94E4-371ECF11FA90}"
EndProject
Project("{2150E333-8FDC-42A3-9474-1A3956D46DE8}") = "Action", "Action", "{E6CF967F-A1F0-4688-80E2-08E08AF468FE}"
EndProject
Project("{FAE04EC0-301F-11D3-BF4B-00C04F79EFBC}") = "Pixburb.Reader", "Pixburb.Reader\Pixburb.Reader.csproj", "{06132D57-29F0-4F3E-89EB-A8F66040C1F6}"
EndProject
Project("{2150E333-8FDC-42A3-9474-1A3956D46DE8}") = "Business", "Business", "{11D7C06E-397A-4CCF-8235-C010EC965F23}"
EndProject
Project("{2150E333-8FDC-42A3-9474-1A3956D46DE8}") = "DataAccess", "DataAccess", "{DC5120AA-B31E-4E66-A26A-87C6240A91EE}"
EndProject
Project("{FAE04EC0-301F-11D3-BF4B-00C04F79EFBC}") = "Pixburb.Business.Interface", "Pixburb.Business.Interface\Pixburb.Business.Interface.csproj", "{C4C9B871-BFC2-4FB5-AF35-353F0835F28D}"
EndProject
Project("{2150E333-8FDC-42A3-9474-1A3956D46DE8}") = "Interface", "Interface", "{E89D8DA1-D18A-46DE-97FB-E82C3D0C099C}"
EndProject
Project("{2150E333-8FDC-42A3-9474-1A3956D46DE8}") = "Implementation", "Implementation", "{A3FCFB5E-3845-483A-9C81-DB4E58613688}"
EndProject
Project("{FAE04EC0-301F-11D3-BF4B-00C04F79EFBC}") = "Pixburb.Business.Implementation", "Pixburb.Business.Implementation\Pixburb.Business.Implementation.csproj", "{E5285C3F-636F-43CF-8362-C5C2A72C89AE}"
EndProject
Project("{2150E333-8FDC-42A3-9474-1A3956D46DE8}") = "Interface", "Interface", "{8521632B-4D53-4A06-ADB0-157D330F99B3}"
EndProject
Project("{2150E333-8FDC-42A3-9474-1A3956D46DE8}") = "Implementation", "Implementation", "{66C87963-CF06-4EB4-8E77-7631168B1901}"
EndProject
Project("{FAE04EC0-301F-11D3-BF4B-00C04F79EFBC}") = "Pixburb.DataAccess.Interface", "Pixburb.DataAccess.Interface\Pixburb.DataAccess.Interface.csproj", "{047E4583-56D2-4213-939D-F87F338A7AFD}"
EndProject
Project("{FAE04EC0-301F-11D3-BF4B-00C04F79EFBC}") = "Pixburb.DataAccess.Implementation", "Pixburb.DataAccess.Implementation\Pixburb.DataAccess.Implementation.csproj", "{932170DF-AD87-42B6-86C7-006552869514}"
EndProject
Project("{2150E333-8FDC-42A3-9474-1A3956D46DE8}") = "CommonModel", "CommonModel", "{93923F7F-933F-4686-8EDF-5EFD01AFA1F7}"
EndProject
Project("{FAE04EC0-301F-11D3-BF4B-00C04F79EFBC}") = "Pixburb.CommonModel", "Pixburb.CommonModel\Pixburb.CommonModel.csproj", "{82062413-0119-47BC-B377-C17B00CA49BD}"
EndProject
Project("{FAE04EC0-301F-11D3-BF4B-00C04F79EFBC}") = "Pixburb.Action", "Pixburb.Action\Pixburb.Action.csproj", "{AA3F86B7-13B5-425D-8877-6D695C819E93}"
EndProject
Global
	GlobalSection(SolutionConfigurationPlatforms) = preSolution
		Debug|Any CPU = Debug|Any CPU
		Release|Any CPU = Release|Any CPU
	EndGlobalSection
	GlobalSection(ProjectConfigurationPlatforms) = postSolution
		{06132D57-29F0-4F3E-89EB-A8F66040C1F6}.Debug|Any CPU.ActiveCfg = Debug|Any CPU
		{06132D57-29F0-4F3E-89EB-A8F66040C1F6}.Debug|Any CPU.Build.0 = Debug|Any CPU
		{06132D57-29F0-4F3E-89EB-A8F66040C1F6}.Release|Any CPU.ActiveCfg = Release|Any CPU
		{06132D57-29F0-4F3E-89EB-A8F66040C1F6}.Release|Any CPU.Build.0 = Release|Any CPU
		{C4C9B871-BFC2-4FB5-AF35-353F0835F28D}.Debug|Any CPU.ActiveCfg = Debug|Any CPU
		{C4C9B871-BFC2-4FB5-AF35-353F0835F28D}.Debug|Any CPU.Build.0 = Debug|Any CPU
		{C4C9B871-BFC2-4FB5-AF35-353F0835F28D}.Release|Any CPU.ActiveCfg = Release|Any CPU
		{C4C9B871-BFC2-4FB5-AF35-353F0835F28D}.Release|Any CPU.Build.0 = Release|Any CPU
		{E5285C3F-636F-43CF-8362-C5C2A72C89AE}.Debug|Any CPU.ActiveCfg = Debug|Any CPU
		{E5285C3F-636F-43CF-8362-C5C2A72C89AE}.Debug|Any CPU.Build.0 = Debug|Any CPU
		{E5285C3F-636F-43CF-8362-C5C2A72C89AE}.Release|Any CPU.ActiveCfg = Release|Any CPU
		{E5285C3F-636F-43CF-8362-C5C2A72C89AE}.Release|Any CPU.Build.0 = Release|Any CPU
		{047E4583-56D2-4213-939D-F87F338A7AFD}.Debug|Any CPU.ActiveCfg = Debug|Any CPU
		{047E4583-56D2-4213-939D-F87F338A7AFD}.Debug|Any CPU.Build.0 = Debug|Any CPU
		{047E4583-56D2-4213-939D-F87F338A7AFD}.Release|Any CPU.ActiveCfg = Release|Any CPU
		{047E4583-56D2-4213-939D-F87F338A7AFD}.Release|Any CPU.Build.0 = Release|Any CPU
		{932170DF-AD87-42B6-86C7-006552869514}.Debug|Any CPU.ActiveCfg = Debug|Any CPU
		{932170DF-AD87-42B6-86C7-006552869514}.Debug|Any CPU.Build.0 = Debug|Any CPU
		{932170DF-AD87-42B6-86C7-006552869514}.Release|Any CPU.ActiveCfg = Release|Any CPU
		{932170DF-AD87-42B6-86C7-006552869514}.Release|Any CPU.Build.0 = Release|Any CPU
		{82062413-0119-47BC-B377-C17B00CA49BD}.Debug|Any CPU.ActiveCfg = Debug|Any CPU
		{82062413-0119-47BC-B377-C17B00CA49BD}.Debug|Any CPU.Build.0 = Debug|Any CPU
		{82062413-0119-47BC-B377-C17B00CA49BD}.Release|Any CPU.ActiveCfg = Release|Any CPU
		{82062413-0119-47BC-B377-C17B00CA49BD}.Release|Any CPU.Build.0 = Release|Any CPU
		{AA3F86B7-13B5-425D-8877-6D695C819E93}.Debug|Any CPU.ActiveCfg = Debug|Any CPU
		{AA3F86B7-13B5-425D-8877-6D695C819E93}.Debug|Any CPU.Build.0 = Debug|Any CPU
		{AA3F86B7-13B5-425D-8877-6D695C819E93}.Release|Any CPU.ActiveCfg = Release|Any CPU
		{AA3F86B7-13B5-425D-8877-6D695C819E93}.Release|Any CPU.Build.0 = Release|Any CPU
	EndGlobalSection
	GlobalSection(SolutionProperties) = preSolution
		HideSolutionNode = FALSE
	EndGlobalSection
	GlobalSection(NestedProjects) = preSolution
		{47DA2A79-E87F-47B2-94E4-371ECF11FA90} = {22E2DA2C-B1CB-4EA0-A19B-8480DE91D6E0}
		{E6CF967F-A1F0-4688-80E2-08E08AF468FE} = {22E2DA2C-B1CB-4EA0-A19B-8480DE91D6E0}
		{06132D57-29F0-4F3E-89EB-A8F66040C1F6} = {47DA2A79-E87F-47B2-94E4-371ECF11FA90}
		{C4C9B871-BFC2-4FB5-AF35-353F0835F28D} = {E89D8DA1-D18A-46DE-97FB-E82C3D0C099C}
		{E89D8DA1-D18A-46DE-97FB-E82C3D0C099C} = {11D7C06E-397A-4CCF-8235-C010EC965F23}
		{A3FCFB5E-3845-483A-9C81-DB4E58613688} = {11D7C06E-397A-4CCF-8235-C010EC965F23}
		{E5285C3F-636F-43CF-8362-C5C2A72C89AE} = {A3FCFB5E-3845-483A-9C81-DB4E58613688}
		{8521632B-4D53-4A06-ADB0-157D330F99B3} = {DC5120AA-B31E-4E66-A26A-87C6240A91EE}
		{66C87963-CF06-4EB4-8E77-7631168B1901} = {DC5120AA-B31E-4E66-A26A-87C6240A91EE}
		{047E4583-56D2-4213-939D-F87F338A7AFD} = {8521632B-4D53-4A06-ADB0-157D330F99B3}
		{932170DF-AD87-42B6-86C7-006552869514} = {66C87963-CF06-4EB4-8E77-7631168B1901}
		{82062413-0119-47BC-B377-C17B00CA49BD} = {93923F7F-933F-4686-8EDF-5EFD01AFA1F7}
		{AA3F86B7-13B5-425D-8877-6D695C819E93} = {E6CF967F-A1F0-4688-80E2-08E08AF468FE}
	EndGlobalSection
	GlobalSection(ExtensibilityGlobals) = postSolution
		SolutionGuid = {816E98D3-C736-4454-857B-394B3DCDB764}
	EndGlobalSection
EndGlobal
